
Microsoft Visual Studio Solution File, Format Version 12.00
# Visual Studio Version 17
VisualStudioVersion = 17.13.35825.156 d17.13
MinimumVisualStudioVersion = 10.0.40219.1
Project("{2150E333-8FDC-42A3-9474-1A3956D46DE8}") = "src", "src", "{02EA681E-C7D8-13C7-8484-4AC65E1B71E8}"
EndProject
Project("{2150E333-8FDC-42A3-9474-1A3956D46DE8}") = "test", "test", "{A5689C8E-2F26-4A31-B28F-5C5DB781638F}"
EndProject
Project("{2150E333-8FDC-42A3-9474-1A3956D46DE8}") = "APIs", "APIs", "{E6C567D5-D0F3-4A47-8D1F-7F98B58AA9EB}"
EndProject
Project("{2150E333-8FDC-42A3-9474-1A3956D46DE8}") = "Core", "Core", "{2C3A2D1E-AA30-4B79-9C30-BF28644171CE}"
EndProject
Project("{2150E333-8FDC-42A3-9474-1A3956D46DE8}") = "Insfrastructure", "Insfrastructure", "{316DF933-2513-427B-A6FB-3EE1F752EB4D}"
EndProject
Project("{2150E333-8FDC-42A3-9474-1A3956D46DE8}") = "UI", "UI", "{E96EB8F3-BE1B-4A19-9107-0B8D83FCBB43}"
EndProject
Project("{2150E333-8FDC-42A3-9474-1A3956D46DE8}") = "Client", "Client", "{530D7847-77B1-4EC8-9E35-B9E85F7B9FA3}"
EndProject
Project("{2150E333-8FDC-42A3-9474-1A3956D46DE8}") = "Dashboard", "Dashboard", "{C5870B96-331E-4B0A-8A7E-4AC8B3236BF7}"
EndProject
Project("{FAE04EC0-301F-11D3-BF4B-00C04F79EFBC}") = "LinkDev.Talabat.APIs", "LinkDev.Talabat.APIs\LinkDev.Talabat.APIs.csproj", "{28B6934C-7B85-432C-B237-4DADC70932C4}"
EndProject
Global
	GlobalSection(SolutionConfigurationPlatforms) = preSolution
		Debug|Any CPU = Debug|Any CPU
		Release|Any CPU = Release|Any CPU
	EndGlobalSection
	GlobalSection(ProjectConfigurationPlatforms) = postSolution
		{28B6934C-7B85-432C-B237-4DADC70932C4}.Debug|Any CPU.ActiveCfg = Debug|Any CPU
		{28B6934C-7B85-432C-B237-4DADC70932C4}.Debug|Any CPU.Build.0 = Debug|Any CPU
		{28B6934C-7B85-432C-B237-4DADC70932C4}.Release|Any CPU.ActiveCfg = Release|Any CPU
		{28B6934C-7B85-432C-B237-4DADC70932C4}.Release|Any CPU.Build.0 = Release|Any CPU
	EndGlobalSection
	GlobalSection(SolutionProperties) = preSolution
		HideSolutionNode = FALSE
	EndGlobalSection
	GlobalSection(NestedProjects) = preSolution
		{E6C567D5-D0F3-4A47-8D1F-7F98B58AA9EB} = {02EA681E-C7D8-13C7-8484-4AC65E1B71E8}
		{2C3A2D1E-AA30-4B79-9C30-BF28644171CE} = {02EA681E-C7D8-13C7-8484-4AC65E1B71E8}
		{316DF933-2513-427B-A6FB-3EE1F752EB4D} = {02EA681E-C7D8-13C7-8484-4AC65E1B71E8}
		{E96EB8F3-BE1B-4A19-9107-0B8D83FCBB43} = {02EA681E-C7D8-13C7-8484-4AC65E1B71E8}
		{530D7847-77B1-4EC8-9E35-B9E85F7B9FA3} = {E96EB8F3-BE1B-4A19-9107-0B8D83FCBB43}
		{C5870B96-331E-4B0A-8A7E-4AC8B3236BF7} = {E96EB8F3-BE1B-4A19-9107-0B8D83FCBB43}
		{28B6934C-7B85-432C-B237-4DADC70932C4} = {E6C567D5-D0F3-4A47-8D1F-7F98B58AA9EB}
	EndGlobalSection
	GlobalSection(ExtensibilityGlobals) = postSolution
		SolutionGuid = {61576D53-BD7D-4DBB-A53C-8DED25B5EF0D}
	EndGlobalSection
EndGlobal
