
Microsoft Visual Studio Solution File, Format Version 12.00
# Visual Studio Version 17
VisualStudioVersion = 17.13.35825.156
MinimumVisualStudioVersion = 10.0.40219.1
Project("{2150E333-8FDC-42A3-9474-1A3956D46DE8}") = "src", "src", "{02EA681E-C7D8-13C7-8484-4AC65E1B71E8}"
EndProject
Project("{2150E333-8FDC-42A3-9474-1A3956D46DE8}") = "test", "test", "{A5689C8E-2F26-4A31-B28F-5C5DB781638F}"
EndProject
Project("{2150E333-8FDC-42A3-9474-1A3956D46DE8}") = "APIs", "APIs", "{E6C567D5-D0F3-4A47-8D1F-7F98B58AA9EB}"
EndProject
Project("{2150E333-8FDC-42A3-9474-1A3956D46DE8}") = "Core", "Core", "{2C3A2D1E-AA30-4B79-9C30-BF28644171CE}"
EndProject
Project("{2150E333-8FDC-42A3-9474-1A3956D46DE8}") = "Insfrastructure", "Insfrastructure", "{316DF933-2513-427B-A6FB-3EE1F752EB4D}"
EndProject
Project("{2150E333-8FDC-42A3-9474-1A3956D46DE8}") = "UI", "UI", "{E96EB8F3-BE1B-4A19-9107-0B8D83FCBB43}"
EndProject
Project("{2150E333-8FDC-42A3-9474-1A3956D46DE8}") = "Client", "Client", "{530D7847-77B1-4EC8-9E35-B9E85F7B9FA3}"
EndProject
Project("{2150E333-8FDC-42A3-9474-1A3956D46DE8}") = "Dashboard", "Dashboard", "{C5870B96-331E-4B0A-8A7E-4AC8B3236BF7}"
EndProject
Project("{FAE04EC0-301F-11D3-BF4B-00C04F79EFBC}") = "LinkDev.Talabat.APIs", "LinkDev.Talabat.APIs\LinkDev.Talabat.APIs.csproj", "{28B6934C-7B85-432C-B237-4DADC70932C4}"
EndProject
Project("{FAE04EC0-301F-11D3-BF4B-00C04F79EFBC}") = "LinkDev.Talabat.APIs.Controllers", "LinkDev.Talabat.APIs.Controllers\LinkDev.Talabat.APIs.Controllers.csproj", "{6090949E-A9B3-411A-BCF7-E1254DEBE83F}"
EndProject
Project("{FAE04EC0-301F-11D3-BF4B-00C04F79EFBC}") = "LinkDev.Talabat.Domain", "LinkDev.Talabat.Domain\LinkDev.Talabat.Domain.csproj", "{3E9D6AF4-7319-436F-916B-CACBD4EBC021}"
EndProject
Project("{FAE04EC0-301F-11D3-BF4B-00C04F79EFBC}") = "LinkDev.Talabat.Application", "LinkDev.Talabat.Application\LinkDev.Talabat.Application.csproj", "{8A9B89EC-7633-4105-87B0-96FA8BBE6183}"
EndProject
Project("{FAE04EC0-301F-11D3-BF4B-00C04F79EFBC}") = "LinkDev.Talabat.Application.Abstraction", "LinkDev.Talabat.Application.Abstraction\LinkDev.Talabat.Application.Abstraction.csproj", "{415CBDBB-AB78-42C8-A4D4-808F730A2878}"
EndProject
Project("{FAE04EC0-301F-11D3-BF4B-00C04F79EFBC}") = "LinkDev.Talabat.Infrastructure", "LinkDev.Talabat.Infrastructure\LinkDev.Talabat.Infrastructure.csproj", "{DCBBE169-0E6B-49C8-B7BF-31DDFC21E5E2}"
EndProject
Project("{FAE04EC0-301F-11D3-BF4B-00C04F79EFBC}") = "LinkDev.Talabat.Infrastructure.Persistence", "LinkDev.Talabat.Infrastructure.Persistence\LinkDev.Talabat.Infrastructure.Persistence.csproj", "{FBBE2917-0B18-4891-9BD0-1C313820C1CC}"
EndProject
Project("{FAE04EC0-301F-11D3-BF4B-00C04F79EFBC}") = "LinkDev.Talabat.Dashboard", "LinkDev.Talabat.Dashboard\LinkDev.Talabat.Dashboard.csproj", "{BBE0187B-18DF-4700-8F53-1A3F6F17EFF0}"
EndProject
Project("{2150E333-8FDC-42A3-9474-1A3956D46DE8}") = "Shared", "Shared", "{823F68C1-1248-45CD-B099-6D6250620632}"
EndProject
Project("{FAE04EC0-301F-11D3-BF4B-00C04F79EFBC}") = "LinkDev.Talabat.Shared", "LinkDev.Talabat.Shared\LinkDev.Talabat.Shared.csproj", "{F5E81763-D6F9-4265-AF0D-754492241348}"
EndProject
Global
	GlobalSection(SolutionConfigurationPlatforms) = preSolution
		Debug|Any CPU = Debug|Any CPU
		Release|Any CPU = Release|Any CPU
	EndGlobalSection
	GlobalSection(ProjectConfigurationPlatforms) = postSolution
		{28B6934C-7B85-432C-B237-4DADC70932C4}.Debug|Any CPU.ActiveCfg = Debug|Any CPU
		{28B6934C-7B85-432C-B237-4DADC70932C4}.Debug|Any CPU.Build.0 = Debug|Any CPU
		{28B6934C-7B85-432C-B237-4DADC70932C4}.Release|Any CPU.ActiveCfg = Release|Any CPU
		{28B6934C-7B85-432C-B237-4DADC70932C4}.Release|Any CPU.Build.0 = Release|Any CPU
		{6090949E-A9B3-411A-BCF7-E1254DEBE83F}.Debug|Any CPU.ActiveCfg = Debug|Any CPU
		{6090949E-A9B3-411A-BCF7-E1254DEBE83F}.Debug|Any CPU.Build.0 = Debug|Any CPU
		{6090949E-A9B3-411A-BCF7-E1254DEBE83F}.Release|Any CPU.ActiveCfg = Release|Any CPU
		{6090949E-A9B3-411A-BCF7-E1254DEBE83F}.Release|Any CPU.Build.0 = Release|Any CPU
		{3E9D6AF4-7319-436F-916B-CACBD4EBC021}.Debug|Any CPU.ActiveCfg = Debug|Any CPU
		{3E9D6AF4-7319-436F-916B-CACBD4EBC021}.Debug|Any CPU.Build.0 = Debug|Any CPU
		{3E9D6AF4-7319-436F-916B-CACBD4EBC021}.Release|Any CPU.ActiveCfg = Release|Any CPU
		{3E9D6AF4-7319-436F-916B-CACBD4EBC021}.Release|Any CPU.Build.0 = Release|Any CPU
		{8A9B89EC-7633-4105-87B0-96FA8BBE6183}.Debug|Any CPU.ActiveCfg = Debug|Any CPU
		{8A9B89EC-7633-4105-87B0-96FA8BBE6183}.Debug|Any CPU.Build.0 = Debug|Any CPU
		{8A9B89EC-7633-4105-87B0-96FA8BBE6183}.Release|Any CPU.ActiveCfg = Release|Any CPU
		{8A9B89EC-7633-4105-87B0-96FA8BBE6183}.Release|Any CPU.Build.0 = Release|Any CPU
		{415CBDBB-AB78-42C8-A4D4-808F730A2878}.Debug|Any CPU.ActiveCfg = Debug|Any CPU
		{415CBDBB-AB78-42C8-A4D4-808F730A2878}.Debug|Any CPU.Build.0 = Debug|Any CPU
		{415CBDBB-AB78-42C8-A4D4-808F730A2878}.Release|Any CPU.ActiveCfg = Release|Any CPU
		{415CBDBB-AB78-42C8-A4D4-808F730A2878}.Release|Any CPU.Build.0 = Release|Any CPU
		{DCBBE169-0E6B-49C8-B7BF-31DDFC21E5E2}.Debug|Any CPU.ActiveCfg = Debug|Any CPU
		{DCBBE169-0E6B-49C8-B7BF-31DDFC21E5E2}.Debug|Any CPU.Build.0 = Debug|Any CPU
		{DCBBE169-0E6B-49C8-B7BF-31DDFC21E5E2}.Release|Any CPU.ActiveCfg = Release|Any CPU
		{DCBBE169-0E6B-49C8-B7BF-31DDFC21E5E2}.Release|Any CPU.Build.0 = Release|Any CPU
		{FBBE2917-0B18-4891-9BD0-1C313820C1CC}.Debug|Any CPU.ActiveCfg = Debug|Any CPU
		{FBBE2917-0B18-4891-9BD0-1C313820C1CC}.Debug|Any CPU.Build.0 = Debug|Any CPU
		{FBBE2917-0B18-4891-9BD0-1C313820C1CC}.Release|Any CPU.ActiveCfg = Release|Any CPU
		{FBBE2917-0B18-4891-9BD0-1C313820C1CC}.Release|Any CPU.Build.0 = Release|Any CPU
		{BBE0187B-18DF-4700-8F53-1A3F6F17EFF0}.Debug|Any CPU.ActiveCfg = Debug|Any CPU
		{BBE0187B-18DF-4700-8F53-1A3F6F17EFF0}.Debug|Any CPU.Build.0 = Debug|Any CPU
		{BBE0187B-18DF-4700-8F53-1A3F6F17EFF0}.Release|Any CPU.ActiveCfg = Release|Any CPU
		{BBE0187B-18DF-4700-8F53-1A3F6F17EFF0}.Release|Any CPU.Build.0 = Release|Any CPU
		{F5E81763-D6F9-4265-AF0D-754492241348}.Debug|Any CPU.ActiveCfg = Debug|Any CPU
		{F5E81763-D6F9-4265-AF0D-754492241348}.Debug|Any CPU.Build.0 = Debug|Any CPU
		{F5E81763-D6F9-4265-AF0D-754492241348}.Release|Any CPU.ActiveCfg = Release|Any CPU
		{F5E81763-D6F9-4265-AF0D-754492241348}.Release|Any CPU.Build.0 = Release|Any CPU
	EndGlobalSection
	GlobalSection(SolutionProperties) = preSolution
		HideSolutionNode = FALSE
	EndGlobalSection
	GlobalSection(NestedProjects) = preSolution
		{E6C567D5-D0F3-4A47-8D1F-7F98B58AA9EB} = {02EA681E-C7D8-13C7-8484-4AC65E1B71E8}
		{2C3A2D1E-AA30-4B79-9C30-BF28644171CE} = {02EA681E-C7D8-13C7-8484-4AC65E1B71E8}
		{316DF933-2513-427B-A6FB-3EE1F752EB4D} = {02EA681E-C7D8-13C7-8484-4AC65E1B71E8}
		{E96EB8F3-BE1B-4A19-9107-0B8D83FCBB43} = {02EA681E-C7D8-13C7-8484-4AC65E1B71E8}
		{530D7847-77B1-4EC8-9E35-B9E85F7B9FA3} = {E96EB8F3-BE1B-4A19-9107-0B8D83FCBB43}
		{C5870B96-331E-4B0A-8A7E-4AC8B3236BF7} = {E96EB8F3-BE1B-4A19-9107-0B8D83FCBB43}
		{28B6934C-7B85-432C-B237-4DADC70932C4} = {E6C567D5-D0F3-4A47-8D1F-7F98B58AA9EB}
		{6090949E-A9B3-411A-BCF7-E1254DEBE83F} = {E6C567D5-D0F3-4A47-8D1F-7F98B58AA9EB}
		{3E9D6AF4-7319-436F-916B-CACBD4EBC021} = {2C3A2D1E-AA30-4B79-9C30-BF28644171CE}
		{8A9B89EC-7633-4105-87B0-96FA8BBE6183} = {2C3A2D1E-AA30-4B79-9C30-BF28644171CE}
		{415CBDBB-AB78-42C8-A4D4-808F730A2878} = {2C3A2D1E-AA30-4B79-9C30-BF28644171CE}
		{DCBBE169-0E6B-49C8-B7BF-31DDFC21E5E2} = {316DF933-2513-427B-A6FB-3EE1F752EB4D}
		{FBBE2917-0B18-4891-9BD0-1C313820C1CC} = {316DF933-2513-427B-A6FB-3EE1F752EB4D}
		{BBE0187B-18DF-4700-8F53-1A3F6F17EFF0} = {C5870B96-331E-4B0A-8A7E-4AC8B3236BF7}
		{823F68C1-1248-45CD-B099-6D6250620632} = {02EA681E-C7D8-13C7-8484-4AC65E1B71E8}
		{F5E81763-D6F9-4265-AF0D-754492241348} = {823F68C1-1248-45CD-B099-6D6250620632}
	EndGlobalSection
	GlobalSection(ExtensibilityGlobals) = postSolution
		SolutionGuid = {61576D53-BD7D-4DBB-A53C-8DED25B5EF0D}
	EndGlobalSection
EndGlobal
